// !$*UTF8*$!
{
	archiveVersion = 1;
	classes = {
	};
	objectVersion = 56;
	objects = {

/* Begin PBXBuildFile section */
		0F6F57D62988C39200E5CBFA /* MultiPlatDemoApp.swift in Sources */ = {isa = PBXBuildFile; fileRef = 0F6F57D52988C39200E5CBFA /* MultiPlatDemoApp.swift */; };
		0F6F57D82988C39200E5CBFA /* ContentView.swift in Sources */ = {isa = PBXBuildFile; fileRef = 0F6F57D72988C39200E5CBFA /* ContentView.swift */; };
		0F6F57DA2988C39300E5CBFA /* Assets.xcassets in Resources */ = {isa = PBXBuildFile; fileRef = 0F6F57D92988C39300E5CBFA /* Assets.xcassets */; };
		0F6F57DE2988C39300E5CBFA /* Preview Assets.xcassets in Resources */ = {isa = PBXBuildFile; fileRef = 0F6F57DD2988C39300E5CBFA /* Preview Assets.xcassets */; };
		0F6F57E82988C39400E5CBFA /* MultiPlatDemoTests.swift in Sources */ = {isa = PBXBuildFile; fileRef = 0F6F57E72988C39400E5CBFA /* MultiPlatDemoTests.swift */; };
		0F6F57F22988C39400E5CBFA /* MultiPlatDemoUITests.swift in Sources */ = {isa = PBXBuildFile; fileRef = 0F6F57F12988C39400E5CBFA /* MultiPlatDemoUITests.swift */; };
		0F6F57F42988C39400E5CBFA /* MultiPlatDemoUITestsLaunchTests.swift in Sources */ = {isa = PBXBuildFile; fileRef = 0F6F57F32988C39400E5CBFA /* MultiPlatDemoUITestsLaunchTests.swift */; };
/* End PBXBuildFile section */

/* Begin PBXContainerItemProxy section */
		0F6F57E42988C39400E5CBFA /* PBXContainerItemProxy */ = {
			isa = PBXContainerItemProxy;
			containerPortal = 0F6F57CA2988C39200E5CBFA /* Project object */;
			proxyType = 1;
			remoteGlobalIDString = 0F6F57D12988C39200E5CBFA;
			remoteInfo = MultiPlatDemo;
		};
		0F6F57EE2988C39400E5CBFA /* PBXContainerItemProxy */ = {
			isa = PBXContainerItemProxy;
			containerPortal = 0F6F57CA2988C39200E5CBFA /* Project object */;
			proxyType = 1;
			remoteGlobalIDString = 0F6F57D12988C39200E5CBFA;
			remoteInfo = MultiPlatDemo;
		};
/* End PBXContainerItemProxy section */

/* Begin PBXFileReference section */
		0F6F57D22988C39200E5CBFA /* MultiPlatDemo.app */ = {isa = PBXFileReference; explicitFileType = wrapper.application; includeInIndex = 0; path = MultiPlatDemo.app; sourceTree = BUILT_PRODUCTS_DIR; };
		0F6F57D52988C39200E5CBFA /* MultiPlatDemoApp.swift */ = {isa = PBXFileReference; lastKnownFileType = sourcecode.swift; path = MultiPlatDemoApp.swift; sourceTree = "<group>"; };
		0F6F57D72988C39200E5CBFA /* ContentView.swift */ = {isa = PBXFileReference; lastKnownFileType = sourcecode.swift; path = ContentView.swift; sourceTree = "<group>"; };
		0F6F57D92988C39300E5CBFA /* Assets.xcassets */ = {isa = PBXFileReference; lastKnownFileType = folder.assetcatalog; path = Assets.xcassets; sourceTree = "<group>"; };
		0F6F57DB2988C39300E5CBFA /* MultiPlatDemo.entitlements */ = {isa = PBXFileReference; lastKnownFileType = text.plist.entitlements; path = MultiPlatDemo.entitlements; sourceTree = "<group>"; };
		0F6F57DD2988C39300E5CBFA /* Preview Assets.xcassets */ = {isa = PBXFileReference; lastKnownFileType = folder.assetcatalog; path = "Preview Assets.xcassets"; sourceTree = "<group>"; };
		0F6F57E32988C39400E5CBFA /* MultiPlatDemoTests.xctest */ = {isa = PBXFileReference; explicitFileType = wrapper.cfbundle; includeInIndex = 0; path = MultiPlatDemoTests.xctest; sourceTree = BUILT_PRODUCTS_DIR; };
		0F6F57E72988C39400E5CBFA /* MultiPlatDemoTests.swift */ = {isa = PBXFileReference; lastKnownFileType = sourcecode.swift; path = MultiPlatDemoTests.swift; sourceTree = "<group>"; };
		0F6F57ED2988C39400E5CBFA /* MultiPlatDemoUITests.xctest */ = {isa = PBXFileReference; explicitFileType = wrapper.cfbundle; includeInIndex = 0; path = MultiPlatDemoUITests.xctest; sourceTree = BUILT_PRODUCTS_DIR; };
		0F6F57F12988C39400E5CBFA /* MultiPlatDemoUITests.swift */ = {isa = PBXFileReference; lastKnownFileType = sourcecode.swift; path = MultiPlatDemoUITests.swift; sourceTree = "<group>"; };
		0F6F57F32988C39400E5CBFA /* MultiPlatDemoUITestsLaunchTests.swift */ = {isa = PBXFileReference; lastKnownFileType = sourcecode.swift; path = MultiPlatDemoUITestsLaunchTests.swift; sourceTree = "<group>"; };
/* End PBXFileReference section */

/* Begin PBXFrameworksBuildPhase section */
		0F6F57CF2988C39200E5CBFA /* Frameworks */ = {
			isa = PBXFrameworksBuildPhase;
			buildActionMask = 2147483647;
			files = (
			);
			runOnlyForDeploymentPostprocessing = 0;
		};
		0F6F57E02988C39400E5CBFA /* Frameworks */ = {
			isa = PBXFrameworksBuildPhase;
			buildActionMask = 2147483647;
			files = (
			);
			runOnlyForDeploymentPostprocessing = 0;
		};
		0F6F57EA2988C39400E5CBFA /* Frameworks */ = {
			isa = PBXFrameworksBuildPhase;
			buildActionMask = 2147483647;
			files = (
			);
			runOnlyForDeploymentPostprocessing = 0;
		};
/* End PBXFrameworksBuildPhase section */

/* Begin PBXGroup section */
		0F6F57C92988C39200E5CBFA = {
			isa = PBXGroup;
			children = (
				0F6F57D42988C39200E5CBFA /* MultiPlatDemo */,
				0F6F57E62988C39400E5CBFA /* MultiPlatDemoTests */,
				0F6F57F02988C39400E5CBFA /* MultiPlatDemoUITests */,
				0F6F57D32988C39200E5CBFA /* Products */,
			);
			sourceTree = "<group>";
		};
		0F6F57D32988C39200E5CBFA /* Products */ = {
			isa = PBXGroup;
			children = (
				0F6F57D22988C39200E5CBFA /* MultiPlatDemo.app */,
				0F6F57E32988C39400E5CBFA /* MultiPlatDemoTests.xctest */,
				0F6F57ED2988C39400E5CBFA /* MultiPlatDemoUITests.xctest */,
			);
			name = Products;
			sourceTree = "<group>";
		};
		0F6F57D42988C39200E5CBFA /* MultiPlatDemo */ = {
			isa = PBXGroup;
			children = (
				0F6F57D52988C39200E5CBFA /* MultiPlatDemoApp.swift */,
				0F6F57D72988C39200E5CBFA /* ContentView.swift */,
				0F6F57D92988C39300E5CBFA /* Assets.xcassets */,
				0F6F57DB2988C39300E5CBFA /* MultiPlatDemo.entitlements */,
				0F6F57DC2988C39300E5CBFA /* Preview Content */,
			);
			path = MultiPlatDemo;
			sourceTree = "<group>";
		};
		0F6F57DC2988C39300E5CBFA /* Preview Content */ = {
			isa = PBXGroup;
			children = (
				0F6F57DD2988C39300E5CBFA /* Preview Assets.xcassets */,
			);
			path = "Preview Content";
			sourceTree = "<group>";
		};
		0F6F57E62988C39400E5CBFA /* MultiPlatDemoTests */ = {
			isa = PBXGroup;
			children = (
				0F6F57E72988C39400E5CBFA /* MultiPlatDemoTests.swift */,
			);
			path = MultiPlatDemoTests;
			sourceTree = "<group>";
		};
		0F6F57F02988C39400E5CBFA /* MultiPlatDemoUITests */ = {
			isa = PBXGroup;
			children = (
				0F6F57F12988C39400E5CBFA /* MultiPlatDemoUITests.swift */,
				0F6F57F32988C39400E5CBFA /* MultiPlatDemoUITestsLaunchTests.swift */,
			);
			path = MultiPlatDemoUITests;
			sourceTree = "<group>";
		};
/* End PBXGroup section */

/* Begin PBXNativeTarget section */
		0F6F57D12988C39200E5CBFA /* MultiPlatDemo */ = {
			isa = PBXNativeTarget;
			buildConfigurationList = 0F6F57F72988C39400E5CBFA /* Build configuration list for PBXNativeTarget "MultiPlatDemo" */;
			buildPhases = (
				0F6F57CE2988C39200E5CBFA /* Sources */,
				0F6F57CF2988C39200E5CBFA /* Frameworks */,
				0F6F57D02988C39200E5CBFA /* Resources */,
			);
			buildRules = (
			);
			dependencies = (
			);
			name = MultiPlatDemo;
			productName = MultiPlatDemo;
			productReference = 0F6F57D22988C39200E5CBFA /* MultiPlatDemo.app */;
			productType = "com.apple.product-type.application";
		};
		0F6F57E22988C39400E5CBFA /* MultiPlatDemoTests */ = {
			isa = PBXNativeTarget;
			buildConfigurationList = 0F6F57FA2988C39400E5CBFA /* Build configuration list for PBXNativeTarget "MultiPlatDemoTests" */;
			buildPhases = (
				0F6F57DF2988C39400E5CBFA /* Sources */,
				0F6F57E02988C39400E5CBFA /* Frameworks */,
				0F6F57E12988C39400E5CBFA /* Resources */,
			);
			buildRules = (
			);
			dependencies = (
				0F6F57E52988C39400E5CBFA /* PBXTargetDependency */,
			);
			name = MultiPlatDemoTests;
			productName = MultiPlatDemoTests;
			productReference = 0F6F57E32988C39400E5CBFA /* MultiPlatDemoTests.xctest */;
			productType = "com.apple.product-type.bundle.unit-test";
		};
		0F6F57EC2988C39400E5CBFA /* MultiPlatDemoUITests */ = {
			isa = PBXNativeTarget;
			buildConfigurationList = 0F6F57FD2988C39400E5CBFA /* Build configuration list for PBXNativeTarget "MultiPlatDemoUITests" */;
			buildPhases = (
				0F6F57E92988C39400E5CBFA /* Sources */,
				0F6F57EA2988C39400E5CBFA /* Frameworks */,
				0F6F57EB2988C39400E5CBFA /* Resources */,
			);
			buildRules = (
			);
			dependencies = (
				0F6F57EF2988C39400E5CBFA /* PBXTargetDependency */,
			);
			name = MultiPlatDemoUITests;
			productName = MultiPlatDemoUITests;
			productReference = 0F6F57ED2988C39400E5CBFA /* MultiPlatDemoUITests.xctest */;
			productType = "com.apple.product-type.bundle.ui-testing";
		};
/* End PBXNativeTarget section */

/* Begin PBXProject section */
		0F6F57CA2988C39200E5CBFA /* Project object */ = {
			isa = PBXProject;
			attributes = {
				BuildIndependentTargetsInParallel = 1;
				LastSwiftUpdateCheck = 1410;
				LastUpgradeCheck = 1410;
				TargetAttributes = {
					0F6F57D12988C39200E5CBFA = {
						CreatedOnToolsVersion = 14.1;
					};
					0F6F57E22988C39400E5CBFA = {
						CreatedOnToolsVersion = 14.1;
						TestTargetID = 0F6F57D12988C39200E5CBFA;
					};
					0F6F57EC2988C39400E5CBFA = {
						CreatedOnToolsVersion = 14.1;
						TestTargetID = 0F6F57D12988C39200E5CBFA;
					};
				};
			};
			buildConfigurationList = 0F6F57CD2988C39200E5CBFA /* Build configuration list for PBXProject "MultiPlatDemo" */;
			compatibilityVersion = "Xcode 14.0";
			developmentRegion = en;
			hasScannedForEncodings = 0;
			knownRegions = (
				en,
				Base,
			);
			mainGroup = 0F6F57C92988C39200E5CBFA;
			productRefGroup = 0F6F57D32988C39200E5CBFA /* Products */;
			projectDirPath = "";
			projectRoot = "";
			targets = (
				0F6F57D12988C39200E5CBFA /* MultiPlatDemo */,
				0F6F57E22988C39400E5CBFA /* MultiPlatDemoTests */,
				0F6F57EC2988C39400E5CBFA /* MultiPlatDemoUITests */,
			);
		};
/* End PBXProject section */

/* Begin PBXResourcesBuildPhase section */
		0F6F57D02988C39200E5CBFA /* Resources */ = {
			isa = PBXResourcesBuildPhase;
			buildActionMask = 2147483647;
			files = (
				0F6F57DE2988C39300E5CBFA /* Preview Assets.xcassets in Resources */,
				0F6F57DA2988C39300E5CBFA /* Assets.xcassets in Resources */,
			);
			runOnlyForDeploymentPostprocessing = 0;
		};
		0F6F57E12988C39400E5CBFA /* Resources */ = {
			isa = PBXResourcesBuildPhase;
			buildActionMask = 2147483647;
			files = (
			);
			runOnlyForDeploymentPostprocessing = 0;
		};
		0F6F57EB2988C39400E5CBFA /* Resources */ = {
			isa = PBXResourcesBuildPhase;
			buildActionMask = 2147483647;
			files = (
			);
			runOnlyForDeploymentPostprocessing = 0;
		};
/* End PBXResourcesBuildPhase section */

/* Begin PBXSourcesBuildPhase section */
		0F6F57CE2988C39200E5CBFA /* Sources */ = {
			isa = PBXSourcesBuildPhase;
			buildActionMask = 2147483647;
			files = (
				0F6F57D82988C39200E5CBFA /* ContentView.swift in Sources */,
				0F6F57D62988C39200E5CBFA /* MultiPlatDemoApp.swift in Sources */,
			);
			runOnlyForDeploymentPostprocessing = 0;
		};
		0F6F57DF2988C39400E5CBFA /* Sources */ = {
			isa = PBXSourcesBuildPhase;
			buildActionMask = 2147483647;
			files = (
				0F6F57E82988C39400E5CBFA /* MultiPlatDemoTests.swift in Sources */,
			);
			runOnlyForDeploymentPostprocessing = 0;
		};
		0F6F57E92988C39400E5CBFA /* Sources */ = {
			isa = PBXSourcesBuildPhase;
			buildActionMask = 2147483647;
			files = (
				0F6F57F42988C39400E5CBFA /* MultiPlatDemoUITestsLaunchTests.swift in Sources */,
				0F6F57F22988C39400E5CBFA /* MultiPlatDemoUITests.swift in Sources */,
			);
			runOnlyForDeploymentPostprocessing = 0;
		};
/* End PBXSourcesBuildPhase section */

/* Begin PBXTargetDependency section */
		0F6F57E52988C39400E5CBFA /* PBXTargetDependency */ = {
			isa = PBXTargetDependency;
			target = 0F6F57D12988C39200E5CBFA /* MultiPlatDemo */;
			targetProxy = 0F6F57E42988C39400E5CBFA /* PBXContainerItemProxy */;
		};
		0F6F57EF2988C39400E5CBFA /* PBXTargetDependency */ = {
			isa = PBXTargetDependency;
			target = 0F6F57D12988C39200E5CBFA /* MultiPlatDemo */;
			targetProxy = 0F6F57EE2988C39400E5CBFA /* PBXContainerItemProxy */;
		};
/* End PBXTargetDependency section */

/* Begin XCBuildConfiguration section */
		0F6F57F52988C39400E5CBFA /* Debug */ = {
			isa = XCBuildConfiguration;
			buildSettings = {
				ALWAYS_SEARCH_USER_PATHS = NO;
				CLANG_ANALYZER_NONNULL = YES;
				CLANG_ANALYZER_NUMBER_OBJECT_CONVERSION = YES_AGGRESSIVE;
				CLANG_CXX_LANGUAGE_STANDARD = "gnu++20";
				CLANG_ENABLE_MODULES = YES;
				CLANG_ENABLE_OBJC_ARC = YES;
				CLANG_ENABLE_OBJC_WEAK = YES;
				CLANG_WARN_BLOCK_CAPTURE_AUTORELEASING = YES;
				CLANG_WARN_BOOL_CONVERSION = YES;
				CLANG_WARN_COMMA = YES;
				CLANG_WARN_CONSTANT_CONVERSION = YES;
				CLANG_WARN_DEPRECATED_OBJC_IMPLEMENTATIONS = YES;
				CLANG_WARN_DIRECT_OBJC_ISA_USAGE = YES_ERROR;
				CLANG_WARN_DOCUMENTATION_COMMENTS = YES;
				CLANG_WARN_EMPTY_BODY = YES;
				CLANG_WARN_ENUM_CONVERSION = YES;
				CLANG_WARN_INFINITE_RECURSION = YES;
				CLANG_WARN_INT_CONVERSION = YES;
				CLANG_WARN_NON_LITERAL_NULL_CONVERSION = YES;
				CLANG_WARN_OBJC_IMPLICIT_RETAIN_SELF = YES;
				CLANG_WARN_OBJC_LITERAL_CONVERSION = YES;
				CLANG_WARN_OBJC_ROOT_CLASS = YES_ERROR;
				CLANG_WARN_QUOTED_INCLUDE_IN_FRAMEWORK_HEADER = YES;
				CLANG_WARN_RANGE_LOOP_ANALYSIS = YES;
				CLANG_WARN_STRICT_PROTOTYPES = YES;
				CLANG_WARN_SUSPICIOUS_MOVE = YES;
				CLANG_WARN_UNGUARDED_AVAILABILITY = YES_AGGRESSIVE;
				CLANG_WARN_UNREACHABLE_CODE = YES;
				CLANG_WARN__DUPLICATE_METHOD_MATCH = YES;
				COPY_PHASE_STRIP = NO;
				DEBUG_INFORMATION_FORMAT = dwarf;
				ENABLE_STRICT_OBJC_MSGSEND = YES;
				ENABLE_TESTABILITY = YES;
				GCC_C_LANGUAGE_STANDARD = gnu11;
				GCC_DYNAMIC_NO_PIC = NO;
				GCC_NO_COMMON_BLOCKS = YES;
				GCC_OPTIMIZATION_LEVEL = 0;
				GCC_PREPROCESSOR_DEFINITIONS = (
					"DEBUG=1",
					"$(inherited)",
				);
				GCC_WARN_64_TO_32_BIT_CONVERSION = YES;
				GCC_WARN_ABOUT_RETURN_TYPE = YES_ERROR;
				GCC_WARN_UNDECLARED_SELECTOR = YES;
				GCC_WARN_UNINITIALIZED_AUTOS = YES_AGGRESSIVE;
				GCC_WARN_UNUSED_FUNCTION = YES;
				GCC_WARN_UNUSED_VARIABLE = YES;
				MTL_ENABLE_DEBUG_INFO = INCLUDE_SOURCE;
				MTL_FAST_MATH = YES;
				ONLY_ACTIVE_ARCH = YES;
				SWIFT_ACTIVE_COMPILATION_CONDITIONS = DEBUG;
				SWIFT_OPTIMIZATION_LEVEL = "-Onone";
			};
			name = Debug;
		};
		0F6F57F62988C39400E5CBFA /* Release */ = {
			isa = XCBuildConfiguration;
			buildSettings = {
				ALWAYS_SEARCH_USER_PATHS = NO;
				CLANG_ANALYZER_NONNULL = YES;
				CLANG_ANALYZER_NUMBER_OBJECT_CONVERSION = YES_AGGRESSIVE;
				CLANG_CXX_LANGUAGE_STANDARD = "gnu++20";
				CLANG_ENABLE_MODULES = YES;
				CLANG_ENABLE_OBJC_ARC = YES;
				CLANG_ENABLE_OBJC_WEAK = YES;
				CLANG_WARN_BLOCK_CAPTURE_AUTORELEASING = YES;
				CLANG_WARN_BOOL_CONVERSION = YES;
				CLANG_WARN_COMMA = YES;
				CLANG_WARN_CONSTANT_CONVERSION = YES;
				CLANG_WARN_DEPRECATED_OBJC_IMPLEMENTATIONS = YES;
				CLANG_WARN_DIRECT_OBJC_ISA_USAGE = YES_ERROR;
				CLANG_WARN_DOCUMENTATION_COMMENTS = YES;
				CLANG_WARN_EMPTY_BODY = YES;
				CLANG_WARN_ENUM_CONVERSION = YES;
				CLANG_WARN_INFINITE_RECURSION = YES;
				CLANG_WARN_INT_CONVERSION = YES;
				CLANG_WARN_NON_LITERAL_NULL_CONVERSION = YES;
				CLANG_WARN_OBJC_IMPLICIT_RETAIN_SELF = YES;
				CLANG_WARN_OBJC_LITERAL_CONVERSION = YES;
				CLANG_WARN_OBJC_ROOT_CLASS = YES_ERROR;
				CLANG_WARN_QUOTED_INCLUDE_IN_FRAMEWORK_HEADER = YES;
				CLANG_WARN_RANGE_LOOP_ANALYSIS = YES;
				CLANG_WARN_STRICT_PROTOTYPES = YES;
				CLANG_WARN_SUSPICIOUS_MOVE = YES;
				CLANG_WARN_UNGUARDED_AVAILABILITY = YES_AGGRESSIVE;
				CLANG_WARN_UNREACHABLE_CODE = YES;
				CLANG_WARN__DUPLICATE_METHOD_MATCH = YES;
				COPY_PHASE_STRIP = NO;
				DEBUG_INFORMATION_FORMAT = "dwarf-with-dsym";
				ENABLE_NS_ASSERTIONS = NO;
				ENABLE_STRICT_OBJC_MSGSEND = YES;
				GCC_C_LANGUAGE_STANDARD = gnu11;
				GCC_NO_COMMON_BLOCKS = YES;
				GCC_WARN_64_TO_32_BIT_CONVERSION = YES;
				GCC_WARN_ABOUT_RETURN_TYPE = YES_ERROR;
				GCC_WARN_UNDECLARED_SELECTOR = YES;
				GCC_WARN_UNINITIALIZED_AUTOS = YES_AGGRESSIVE;
				GCC_WARN_UNUSED_FUNCTION = YES;
				GCC_WARN_UNUSED_VARIABLE = YES;
				MTL_ENABLE_DEBUG_INFO = NO;
				MTL_FAST_MATH = YES;
				SWIFT_COMPILATION_MODE = wholemodule;
				SWIFT_OPTIMIZATION_LEVEL = "-O";
			};
			name = Release;
		};
		0F6F57F82988C39400E5CBFA /* Debug */ = {
			isa = XCBuildConfiguration;
			buildSettings = {
				ASSETCATALOG_COMPILER_APPICON_NAME = AppIcon;
				ASSETCATALOG_COMPILER_GLOBAL_ACCENT_COLOR_NAME = AccentColor;
				CODE_SIGN_ENTITLEMENTS = MultiPlatDemo/MultiPlatDemo.entitlements;
				CODE_SIGN_STYLE = Automatic;
				CURRENT_PROJECT_VERSION = 1;
				DEVELOPMENT_ASSET_PATHS = "\"MultiPlatDemo/Preview Content\"";
				ENABLE_PREVIEWS = YES;
				GENERATE_INFOPLIST_FILE = YES;
				"INFOPLIST_KEY_UIApplicationSceneManifest_Generation[sdk=iphoneos*]" = YES;
				"INFOPLIST_KEY_UIApplicationSceneManifest_Generation[sdk=iphonesimulator*]" = YES;
				"INFOPLIST_KEY_UIApplicationSupportsIndirectInputEvents[sdk=iphoneos*]" = YES;
				"INFOPLIST_KEY_UIApplicationSupportsIndirectInputEvents[sdk=iphonesimulator*]" = YES;
				"INFOPLIST_KEY_UILaunchScreen_Generation[sdk=iphoneos*]" = YES;
				"INFOPLIST_KEY_UILaunchScreen_Generation[sdk=iphonesimulator*]" = YES;
				"INFOPLIST_KEY_UIStatusBarStyle[sdk=iphoneos*]" = UIStatusBarStyleDefault;
				"INFOPLIST_KEY_UIStatusBarStyle[sdk=iphonesimulator*]" = UIStatusBarStyleDefault;
				INFOPLIST_KEY_UISupportedInterfaceOrientations_iPad = "UIInterfaceOrientationPortrait UIInterfaceOrientationPortraitUpsideDown UIInterfaceOrientationLandscapeLeft UIInterfaceOrientationLandscapeRight";
				INFOPLIST_KEY_UISupportedInterfaceOrientations_iPhone = "UIInterfaceOrientationPortrait UIInterfaceOrientationLandscapeLeft UIInterfaceOrientationLandscapeRight";
				IPHONEOS_DEPLOYMENT_TARGET = 16.1;
				LD_RUNPATH_SEARCH_PATHS = "@executable_path/Frameworks";
				"LD_RUNPATH_SEARCH_PATHS[sdk=macosx*]" = "@executable_path/../Frameworks";
				MACOSX_DEPLOYMENT_TARGET = 12.6;
				MARKETING_VERSION = 1.0;
				PRODUCT_BUNDLE_IDENTIFIER = com.ma.MultiPlatDemo;
				PRODUCT_NAME = "$(TARGET_NAME)";
				SDKROOT = auto;
				SUPPORTED_PLATFORMS = "iphoneos iphonesimulator macosx";
				SWIFT_EMIT_LOC_STRINGS = YES;
				SWIFT_VERSION = 5.0;
				TARGETED_DEVICE_FAMILY = "1,2";
			};
			name = Debug;
		};
		0F6F57F92988C39400E5CBFA /* Release */ = {
			isa = XCBuildConfiguration;
			buildSettings = {
				ASSETCATALOG_COMPILER_APPICON_NAME = AppIcon;
				ASSETCATALOG_COMPILER_GLOBAL_ACCENT_COLOR_NAME = AccentColor;
				CODE_SIGN_ENTITLEMENTS = MultiPlatDemo/MultiPlatDemo.entitlements;
				CODE_SIGN_STYLE = Automatic;
				CURRENT_PROJECT_VERSION = 1;
				DEVELOPMENT_ASSET_PATHS = "\"MultiPlatDemo/Preview Content\"";
				ENABLE_PREVIEWS = YES;
				GENERATE_INFOPLIST_FILE = YES;
				"INFOPLIST_KEY_UIApplicationSceneManifest_Generation[sdk=iphoneos*]" = YES;
				"INFOPLIST_KEY_UIApplicationSceneManifest_Generation[sdk=iphonesimulator*]" = YES;
				"INFOPLIST_KEY_UIApplicationSupportsIndirectInputEvents[sdk=iphoneos*]" = YES;
				"INFOPLIST_KEY_UIApplicationSupportsIndirectInputEvents[sdk=iphonesimulator*]" = YES;
				"INFOPLIST_KEY_UILaunchScreen_Generation[sdk=iphoneos*]" = YES;
				"INFOPLIST_KEY_UILaunchScreen_Generation[sdk=iphonesimulator*]" = YES;
				"INFOPLIST_KEY_UIStatusBarStyle[sdk=iphoneos*]" = UIStatusBarStyleDefault;
				"INFOPLIST_KEY_UIStatusBarStyle[sdk=iphonesimulator*]" = UIStatusBarStyleDefault;
				INFOPLIST_KEY_UISupportedInterfaceOrientations_iPad = "UIInterfaceOrientationPortrait UIInterfaceOrientationPortraitUpsideDown UIInterfaceOrientationLandscapeLeft UIInterfaceOrientationLandscapeRight";
				INFOPLIST_KEY_UISupportedInterfaceOrientations_iPhone = "UIInterfaceOrientationPortrait UIInterfaceOrientationLandscapeLeft UIInterfaceOrientationLandscapeRight";
				IPHONEOS_DEPLOYMENT_TARGET = 16.1;
				LD_RUNPATH_SEARCH_PATHS = "@executable_path/Frameworks";
				"LD_RUNPATH_SEARCH_PATHS[sdk=macosx*]" = "@executable_path/../Frameworks";
				MACOSX_DEPLOYMENT_TARGET = 12.6;
				MARKETING_VERSION = 1.0;
				PRODUCT_BUNDLE_IDENTIFIER = com.ma.MultiPlatDemo;
				PRODUCT_NAME = "$(TARGET_NAME)";
				SDKROOT = auto;
				SUPPORTED_PLATFORMS = "iphoneos iphonesimulator macosx";
				SWIFT_EMIT_LOC_STRINGS = YES;
				SWIFT_VERSION = 5.0;
				TARGETED_DEVICE_FAMILY = "1,2";
			};
			name = Release;
		};
		0F6F57FB2988C39400E5CBFA /* Debug */ = {
			isa = XCBuildConfiguration;
			buildSettings = {
				ALWAYS_EMBED_SWIFT_STANDARD_LIBRARIES = YES;
				BUNDLE_LOADER = "$(TEST_HOST)";
				CODE_SIGN_STYLE = Automatic;
				CURRENT_PROJECT_VERSION = 1;
				GENERATE_INFOPLIST_FILE = YES;
				IPHONEOS_DEPLOYMENT_TARGET = 16.1;
				MACOSX_DEPLOYMENT_TARGET = 12.6;
				MARKETING_VERSION = 1.0;
				PRODUCT_BUNDLE_IDENTIFIER = com.ma.MultiPlatDemoTests;
				PRODUCT_NAME = "$(TARGET_NAME)";
				SDKROOT = auto;
				SUPPORTED_PLATFORMS = "iphoneos iphonesimulator macosx";
				SWIFT_EMIT_LOC_STRINGS = NO;
				SWIFT_VERSION = 5.0;
				TARGETED_DEVICE_FAMILY = "1,2";
				TEST_HOST = "$(BUILT_PRODUCTS_DIR)/MultiPlatDemo.app/$(BUNDLE_EXECUTABLE_FOLDER_PATH)/MultiPlatDemo";
			};
			name = Debug;
		};
		0F6F57FC2988C39400E5CBFA /* Release */ = {
			isa = XCBuildConfiguration;
			buildSettings = {
				ALWAYS_EMBED_SWIFT_STANDARD_LIBRARIES = YES;
				BUNDLE_LOADER = "$(TEST_HOST)";
				CODE_SIGN_STYLE = Automatic;
				CURRENT_PROJECT_VERSION = 1;
				GENERATE_INFOPLIST_FILE = YES;
				IPHONEOS_DEPLOYMENT_TARGET = 16.1;
				MACOSX_DEPLOYMENT_TARGET = 12.6;
				MARKETING_VERSION = 1.0;
				PRODUCT_BUNDLE_IDENTIFIER = com.ma.MultiPlatDemoTests;
				PRODUCT_NAME = "$(TARGET_NAME)";
				SDKROOT = auto;
				SUPPORTED_PLATFORMS = "iphoneos iphonesimulator macosx";
				SWIFT_EMIT_LOC_STRINGS = NO;
				SWIFT_VERSION = 5.0;
				TARGETED_DEVICE_FAMILY = "1,2";
				TEST_HOST = "$(BUILT_PRODUCTS_DIR)/MultiPlatDemo.app/$(BUNDLE_EXECUTABLE_FOLDER_PATH)/MultiPlatDemo";
			};
			name = Release;
		};
		0F6F57FE2988C39400E5CBFA /* Debug */ = {
			isa = XCBuildConfiguration;
			buildSettings = {
				ALWAYS_EMBED_SWIFT_STANDARD_LIBRARIES = YES;
				CODE_SIGN_STYLE = Automatic;
				CURRENT_PROJECT_VERSION = 1;
				GENERATE_INFOPLIST_FILE = YES;
				IPHONEOS_DEPLOYMENT_TARGET = 16.1;
				MACOSX_DEPLOYMENT_TARGET = 12.6;
				MARKETING_VERSION = 1.0;
				PRODUCT_BUNDLE_IDENTIFIER = com.ma.MultiPlatDemoUITests;
				PRODUCT_NAME = "$(TARGET_NAME)";
				SDKROOT = auto;
				SUPPORTED_PLATFORMS = "iphoneos iphonesimulator macosx";
				SWIFT_EMIT_LOC_STRINGS = NO;
				SWIFT_VERSION = 5.0;
				TARGETED_DEVICE_FAMILY = "1,2";
				TEST_TARGET_NAME = MultiPlatDemo;
			};
			name = Debug;
		};
		0F6F57FF2988C39400E5CBFA /* Release */ = {
			isa = XCBuildConfiguration;
			buildSettings = {
				ALWAYS_EMBED_SWIFT_STANDARD_LIBRARIES = YES;
				CODE_SIGN_STYLE = Automatic;
				CURRENT_PROJECT_VERSION = 1;
				GENERATE_INFOPLIST_FILE = YES;
				IPHONEOS_DEPLOYMENT_TARGET = 16.1;
				MACOSX_DEPLOYMENT_TARGET = 12.6;
				MARKETING_VERSION = 1.0;
				PRODUCT_BUNDLE_IDENTIFIER = com.ma.MultiPlatDemoUITests;
				PRODUCT_NAME = "$(TARGET_NAME)";
				SDKROOT = auto;
				SUPPORTED_PLATFORMS = "iphoneos iphonesimulator macosx";
				SWIFT_EMIT_LOC_STRINGS = NO;
				SWIFT_VERSION = 5.0;
				TARGETED_DEVICE_FAMILY = "1,2";
				TEST_TARGET_NAME = MultiPlatDemo;
			};
			name = Release;
		};
/* End XCBuildConfiguration section */

/* Begin XCConfigurationList section */
		0F6F57CD2988C39200E5CBFA /* Build configuration list for PBXProject "MultiPlatDemo" */ = {
			isa = XCConfigurationList;
			buildConfigurations = (
				0F6F57F52988C39400E5CBFA /* Debug */,
				0F6F57F62988C39400E5CBFA /* Release */,
			);
			defaultConfigurationIsVisible = 0;
			defaultConfigurationName = Release;
		};
		0F6F57F72988C39400E5CBFA /* Build configuration list for PBXNativeTarget "MultiPlatDemo" */ = {
			isa = XCConfigurationList;
			buildConfigurations = (
				0F6F57F82988C39400E5CBFA /* Debug */,
				0F6F57F92988C39400E5CBFA /* Release */,
			);
			defaultConfigurationIsVisible = 0;
			defaultConfigurationName = Release;
		};
		0F6F57FA2988C39400E5CBFA /* Build configuration list for PBXNativeTarget "MultiPlatDemoTests" */ = {
			isa = XCConfigurationList;
			buildConfigurations = (
				0F6F57FB2988C39400E5CBFA /* Debug */,
				0F6F57FC2988C39400E5CBFA /* Release */,
			);
			defaultConfigurationIsVisible = 0;
			defaultConfigurationName = Release;
		};
		0F6F57FD2988C39400E5CBFA /* Build configuration list for PBXNativeTarget "MultiPlatDemoUITests" */ = {
			isa = XCConfigurationList;
			buildConfigurations = (
				0F6F57FE2988C39400E5CBFA /* Debug */,
				0F6F57FF2988C39400E5CBFA /* Release */,
			);
			defaultConfigurationIsVisible = 0;
			defaultConfigurationName = Release;
		};
/* End XCConfigurationList section */
	};
	rootObject = 0F6F57CA2988C39200E5CBFA /* Project object */;
}
